// !$*UTF8*$!
{
	archiveVersion = 1;
	classes = {
	};
	objectVersion = 77;
	objects = {

/* Begin PBXBuildFile section */
		C1618150301DAF3D00889015 /* .gitignore in Resources */ = {isa = PBXBuildFile; fileRef = C161814F301DAF3600889015 /* .gitignore */; };
		C1869D08301C558B006F21AD /* BuddyAnimation.swift in Sources */ = {isa = PBXBuildFile; fileRef = C1869D07301C5586006F21AD /* BuddyAnimation.swift */; };
		C1869D0A301C55E2006F21AD /* AnimationEngine.swift in Sources */ = {isa = PBXBuildFile; fileRef = C1869D09301C55DE006F21AD /* AnimationEngine.swift */; };
		C1A55694301C2A120046A637 /* BuddyApp.swift in Sources */ = {isa = PBXBuildFile; fileRef = C1A55693301C2A120046A637 /* BuddyApp.swift */; };
		C1A55696301C2A120046A637 /* BuddyView.swift in Sources */ = {isa = PBXBuildFile; fileRef = C1A55695301C2A120046A637 /* BuddyView.swift */; };
		C1A556BC301C2B920046A637 /* AppDelegate.swift in Sources */ = {isa = PBXBuildFile; fileRef = C1A556BA301C2B8F0046A637 /* AppDelegate.swift */; };
		C1A556BF301C2BC30046A637 /* BuddyPanel.swift in Sources */ = {isa = PBXBuildFile; fileRef = C1A556BD301C2BC20046A637 /* BuddyPanel.swift */; };
		C1A556C2301C2C1D0046A637 /* SettingsView.swift in Sources */ = {isa = PBXBuildFile; fileRef = C1A556C0301C2C1A0046A637 /* SettingsView.swift */; };
		C1A556C5301C2EF00046A637 /* NotificationManager.swift in Sources */ = {isa = PBXBuildFile; fileRef = C1A556C3301C2EEE0046A637 /* NotificationManager.swift */; };
		C1A556C8301C316E0046A637 /* BuddyState.swift in Sources */ = {isa = PBXBuildFile; fileRef = C1A556C6301C316C0046A637 /* BuddyState.swift */; };
		C1A556CB301C31900046A637 /* Reminder.swift in Sources */ = {isa = PBXBuildFile; fileRef = C1A556C9301C318E0046A637 /* Reminder.swift */; };
		C1A556CE301C31AF0046A637 /* BuddyViewModel.swift in Sources */ = {isa = PBXBuildFile; fileRef = C1A556CC301C31AC0046A637 /* BuddyViewModel.swift */; };
		C1A556D1301C34860046A637 /* ReminderManager.swift in Sources */ = {isa = PBXBuildFile; fileRef = C1A556CF301C34830046A637 /* ReminderManager.swift */; };
		C1EEC2CC30210A3D00417AB5 /* HydrationSettings.swift in Sources */ = {isa = PBXBuildFile; fileRef = C1EEC2C730210A3C00417AB5 /* HydrationSettings.swift */; };
		C1EEC2CD30210A3D00417AB5 /* ReminderSchedule.swift in Sources */ = {isa = PBXBuildFile; fileRef = C1EEC2C830210A3C00417AB5 /* ReminderSchedule.swift */; };
		C1EEC2CE30210A3D00417AB5 /* Weekday.swift in Sources */ = {isa = PBXBuildFile; fileRef = C1EEC2C930210A3C00417AB5 /* Weekday.swift */; };
		C1EEC2CF30210A3D00417AB5 /* WellnessSettings.swift in Sources */ = {isa = PBXBuildFile; fileRef = C1EEC2CA30210A3C00417AB5 /* WellnessSettings.swift */; };
		C1EEC2D030210A3D00417AB5 /* WorkingHours.swift in Sources */ = {isa = PBXBuildFile; fileRef = C1EEC2CB30210A3C00417AB5 /* WorkingHours.swift */; };
		C1EEC2D630210AE700417AB5 /* ReminderStorage.swift in Sources */ = {isa = PBXBuildFile; fileRef = C1EEC2D330210AE600417AB5 /* ReminderStorage.swift */; };
		C1EEC2D730210AE700417AB5 /* WellnessSettingsStorage.swift in Sources */ = {isa = PBXBuildFile; fileRef = C1EEC2D430210AE600417AB5 /* WellnessSettingsStorage.swift */; };
		C1EEC2D930210B9700417AB5 /* SettingsViewModel.swift in Sources */ = {isa = PBXBuildFile; fileRef = C1EEC2D830210B9300417AB5 /* SettingsViewModel.swift */; };
		C1EEC2DB30210C5800417AB5 /* HydrationSettingsSection.swift in Sources */ = {isa = PBXBuildFile; fileRef = C1EEC2DA30210C5700417AB5 /* HydrationSettingsSection.swift */; };
		C1EEC2DD30210C9B00417AB5 /* WorkingHoursSection.swift in Sources */ = {isa = PBXBuildFile; fileRef = C1EEC2DC30210C9A00417AB5 /* WorkingHoursSection.swift */; };
		C1EEC2DF30210CB700417AB5 /* WeekdaySelector.swift in Sources */ = {isa = PBXBuildFile; fileRef = C1EEC2DE30210CB500417AB5 /* WeekdaySelector.swift */; };
		C1EEC2E5302116D600417AB5 /* AppNotifications.swift in Sources */ = {isa = PBXBuildFile; fileRef = C1EEC2E4302116D500417AB5 /* AppNotifications.swift */; };
		C1EEC2E73021170600417AB5 /* HydrationScheduler.swift in Sources */ = {isa = PBXBuildFile; fileRef = C1EEC2E63021170500417AB5 /* HydrationScheduler.swift */; };
		C1EEC2FF30212AB300417AB5 /* BuddyLogger.swift in Sources */ = {isa = PBXBuildFile; fileRef = C1EEC2FE30212AB100417AB5 /* BuddyLogger.swift */; };
		C1EEC31730212D0700417AB5 /* ReminderScheduleCalculator.swift in Sources */ = {isa = PBXBuildFile; fileRef = C1EEC31630212D0500417AB5 /* ReminderScheduleCalculator.swift */; };
		C1EEC31D30227B8B00417AB5 /* DeveloperSettingsStore.swift in Sources */ = {isa = PBXBuildFile; fileRef = C1EEC31C30227B8900417AB5 /* DeveloperSettingsStore.swift */; };
/* End PBXBuildFile section */

/* Begin PBXContainerItemProxy section */
		C1A5569E301C2A140046A637 /* PBXContainerItemProxy */ = {
			isa = PBXContainerItemProxy;
			containerPortal = C1A55688301C2A120046A637 /* Project object */;
			proxyType = 1;
			remoteGlobalIDString = C1A5568F301C2A120046A637;
			remoteInfo = Buddy;
		};
		C1A556A8301C2A140046A637 /* PBXContainerItemProxy */ = {
			isa = PBXContainerItemProxy;
			containerPortal = C1A55688301C2A120046A637 /* Project object */;
			proxyType = 1;
			remoteGlobalIDString = C1A5568F301C2A120046A637;
			remoteInfo = Buddy;
		};
/* End PBXContainerItemProxy section */

/* Begin PBXFileReference section */
		C1618140301DACAB00889015 /* README.md */ = {isa = PBXFileReference; lastKnownFileType = net.daringfireball.markdown; path = README.md; sourceTree = "<group>"; };
		C1618142301DACBC00889015 /* ROADMAP.md */ = {isa = PBXFileReference; lastKnownFileType = net.daringfireball.markdown; path = ROADMAP.md; sourceTree = "<group>"; };
		C161814F301DAF3600889015 /* .gitignore */ = {isa = PBXFileReference; lastKnownFileType = text; path = .gitignore; sourceTree = "<group>"; };
		C1869D07301C5586006F21AD /* BuddyAnimation.swift */ = {isa = PBXFileReference; lastKnownFileType = sourcecode.swift; path = BuddyAnimation.swift; sourceTree = "<group>"; };
		C1869D09301C55DE006F21AD /* AnimationEngine.swift */ = {isa = PBXFileReference; lastKnownFileType = sourcecode.swift; path = AnimationEngine.swift; sourceTree = "<group>"; };
		C1A55690301C2A120046A637 /* Buddy.app */ = {isa = PBXFileReference; explicitFileType = wrapper.application; includeInIndex = 0; path = Buddy.app; sourceTree = BUILT_PRODUCTS_DIR; };
		C1A55693301C2A120046A637 /* BuddyApp.swift */ = {isa = PBXFileReference; lastKnownFileType = sourcecode.swift; path = BuddyApp.swift; sourceTree = "<group>"; };
		C1A55695301C2A120046A637 /* BuddyView.swift */ = {isa = PBXFileReference; lastKnownFileType = sourcecode.swift; path = BuddyView.swift; sourceTree = "<group>"; };
		C1A5569D301C2A140046A637 /* BuddyTests.xctest */ = {isa = PBXFileReference; explicitFileType = wrapper.cfbundle; includeInIndex = 0; path = BuddyTests.xctest; sourceTree = BUILT_PRODUCTS_DIR; };
		C1A556A7301C2A140046A637 /* BuddyUITests.xctest */ = {isa = PBXFileReference; explicitFileType = wrapper.cfbundle; includeInIndex = 0; path = BuddyUITests.xctest; sourceTree = BUILT_PRODUCTS_DIR; };
		C1A556BA301C2B8F0046A637 /* AppDelegate.swift */ = {isa = PBXFileReference; lastKnownFileType = sourcecode.swift; path = AppDelegate.swift; sourceTree = "<group>"; };
		C1A556BD301C2BC20046A637 /* BuddyPanel.swift */ = {isa = PBXFileReference; lastKnownFileType = sourcecode.swift; path = BuddyPanel.swift; sourceTree = "<group>"; };
		C1A556C0301C2C1A0046A637 /* SettingsView.swift */ = {isa = PBXFileReference; lastKnownFileType = sourcecode.swift; path = SettingsView.swift; sourceTree = "<group>"; };
		C1A556C3301C2EEE0046A637 /* NotificationManager.swift */ = {isa = PBXFileReference; lastKnownFileType = sourcecode.swift; path = NotificationManager.swift; sourceTree = "<group>"; };
		C1A556C6301C316C0046A637 /* BuddyState.swift */ = {isa = PBXFileReference; lastKnownFileType = sourcecode.swift; path = BuddyState.swift; sourceTree = "<group>"; };
		C1A556C9301C318E0046A637 /* Reminder.swift */ = {isa = PBXFileReference; lastKnownFileType = sourcecode.swift; path = Reminder.swift; sourceTree = "<group>"; };
		C1A556CC301C31AC0046A637 /* BuddyViewModel.swift */ = {isa = PBXFileReference; lastKnownFileType = sourcecode.swift; path = BuddyViewModel.swift; sourceTree = "<group>"; };
		C1A556CF301C34830046A637 /* ReminderManager.swift */ = {isa = PBXFileReference; lastKnownFileType = sourcecode.swift; path = ReminderManager.swift; sourceTree = "<group>"; };
		C1EEC2C730210A3C00417AB5 /* HydrationSettings.swift */ = {isa = PBXFileReference; lastKnownFileType = sourcecode.swift; path = HydrationSettings.swift; sourceTree = "<group>"; };
		C1EEC2C830210A3C00417AB5 /* ReminderSchedule.swift */ = {isa = PBXFileReference; lastKnownFileType = sourcecode.swift; path = ReminderSchedule.swift; sourceTree = "<group>"; };
		C1EEC2C930210A3C00417AB5 /* Weekday.swift */ = {isa = PBXFileReference; lastKnownFileType = sourcecode.swift; path = Weekday.swift; sourceTree = "<group>"; };
		C1EEC2CA30210A3C00417AB5 /* WellnessSettings.swift */ = {isa = PBXFileReference; lastKnownFileType = sourcecode.swift; path = WellnessSettings.swift; sourceTree = "<group>"; };
		C1EEC2CB30210A3C00417AB5 /* WorkingHours.swift */ = {isa = PBXFileReference; lastKnownFileType = sourcecode.swift; path = WorkingHours.swift; sourceTree = "<group>"; };
		C1EEC2D330210AE600417AB5 /* ReminderStorage.swift */ = {isa = PBXFileReference; lastKnownFileType = sourcecode.swift; path = ReminderStorage.swift; sourceTree = "<group>"; };
		C1EEC2D430210AE600417AB5 /* WellnessSettingsStorage.swift */ = {isa = PBXFileReference; lastKnownFileType = sourcecode.swift; path = WellnessSettingsStorage.swift; sourceTree = "<group>"; };
		C1EEC2D830210B9300417AB5 /* SettingsViewModel.swift */ = {isa = PBXFileReference; lastKnownFileType = sourcecode.swift; path = SettingsViewModel.swift; sourceTree = "<group>"; };
		C1EEC2DA30210C5700417AB5 /* HydrationSettingsSection.swift */ = {isa = PBXFileReference; lastKnownFileType = sourcecode.swift; path = HydrationSettingsSection.swift; sourceTree = "<group>"; };
		C1EEC2DC30210C9A00417AB5 /* WorkingHoursSection.swift */ = {isa = PBXFileReference; lastKnownFileType = sourcecode.swift; path = WorkingHoursSection.swift; sourceTree = "<group>"; };
		C1EEC2DE30210CB500417AB5 /* WeekdaySelector.swift */ = {isa = PBXFileReference; lastKnownFileType = sourcecode.swift; path = WeekdaySelector.swift; sourceTree = "<group>"; };
		C1EEC2E4302116D500417AB5 /* AppNotifications.swift */ = {isa = PBXFileReference; lastKnownFileType = sourcecode.swift; path = AppNotifications.swift; sourceTree = "<group>"; };
		C1EEC2E63021170500417AB5 /* HydrationScheduler.swift */ = {isa = PBXFileReference; lastKnownFileType = sourcecode.swift; path = HydrationScheduler.swift; sourceTree = "<group>"; };
		C1EEC2FE30212AB100417AB5 /* BuddyLogger.swift */ = {isa = PBXFileReference; lastKnownFileType = sourcecode.swift; path = BuddyLogger.swift; sourceTree = "<group>"; };
		C1EEC31630212D0500417AB5 /* ReminderScheduleCalculator.swift */ = {isa = PBXFileReference; lastKnownFileType = sourcecode.swift; path = ReminderScheduleCalculator.swift; sourceTree = "<group>"; };
		C1EEC31C30227B8900417AB5 /* DeveloperSettingsStore.swift */ = {isa = PBXFileReference; lastKnownFileType = sourcecode.swift; path = DeveloperSettingsStore.swift; sourceTree = "<group>"; };
/* End PBXFileReference section */

/* Begin PBXFileSystemSynchronizedBuildFileExceptionSet section */
		C1EEC31B302131F100417AB5 /* Exceptions for "docs" folder in "BuddyTests" target */ = {
			isa = PBXFileSystemSynchronizedBuildFileExceptionSet;
			membershipExceptions = (
				architecture/overview.md,
			);
			target = C1A5569C301C2A140046A637 /* BuddyTests */;
		};
/* End PBXFileSystemSynchronizedBuildFileExceptionSet section */

/* Begin PBXFileSystemSynchronizedRootGroup section */
		C1618144301DACD600889015 /* docs */ = {
			isa = PBXFileSystemSynchronizedRootGroup;
			exceptions = (
				C1EEC31B302131F100417AB5 /* Exceptions for "docs" folder in "BuddyTests" target */,
			);
			path = docs;
			sourceTree = "<group>";
		};
		C1A55692301C2A120046A637 /* Buddy */ = {
			isa = PBXFileSystemSynchronizedRootGroup;
			path = Buddy;
			sourceTree = "<group>";
		};
		C1A556A0301C2A140046A637 /* BuddyTests */ = {
			isa = PBXFileSystemSynchronizedRootGroup;
			path = BuddyTests;
			sourceTree = "<group>";
		};
		C1A556AA301C2A140046A637 /* BuddyUITests */ = {
			isa = PBXFileSystemSynchronizedRootGroup;
			path = BuddyUITests;
			sourceTree = "<group>";
		};
/* End PBXFileSystemSynchronizedRootGroup section */

/* Begin PBXFrameworksBuildPhase section */
		C1A5568D301C2A120046A637 /* Frameworks */ = {
			isa = PBXFrameworksBuildPhase;
			buildActionMask = 2147483647;
			files = (
			);
			runOnlyForDeploymentPostprocessing = 0;
		};
		C1A5569A301C2A140046A637 /* Frameworks */ = {
			isa = PBXFrameworksBuildPhase;
			buildActionMask = 2147483647;
			files = (
			);
			runOnlyForDeploymentPostprocessing = 0;
		};
		C1A556A4301C2A140046A637 /* Frameworks */ = {
			isa = PBXFrameworksBuildPhase;
			buildActionMask = 2147483647;
			files = (
			);
			runOnlyForDeploymentPostprocessing = 0;
		};
/* End PBXFrameworksBuildPhase section */

/* Begin PBXGroup section */
		C1A55687301C2A120046A637 = {
			isa = PBXGroup;
			children = (
				C1EEC2D530210AE600417AB5 /* Storage */,
				C161814F301DAF3600889015 /* .gitignore */,
				C1618144301DACD600889015 /* docs */,
				C1618142301DACBC00889015 /* ROADMAP.md */,
				C1618140301DACAB00889015 /* README.md */,
				C1A556D9301C399D0046A637 /* Assets.xcassets */,
				C1A556D8301C39880046A637 /* Resources */,
				C1A556D7301C39810046A637 /* Windows */,
				C1A556D6301C39750046A637 /* Views */,
				C1A556D5301C396B0046A637 /* ViewModels */,
				C1A556D4301C395E0046A637 /* Managers */,
				C1A556D3301C39540046A637 /* Models */,
				C1A556D2301C39300046A637 /* App */,
				C1A556A0301C2A140046A637 /* BuddyTests */,
				C1A556AA301C2A140046A637 /* BuddyUITests */,
				C1A55691301C2A120046A637 /* Products */,
			);
			sourceTree = "<group>";
		};
		C1A55691301C2A120046A637 /* Products */ = {
			isa = PBXGroup;
			children = (
				C1A55690301C2A120046A637 /* Buddy.app */,
				C1A5569D301C2A140046A637 /* BuddyTests.xctest */,
				C1A556A7301C2A140046A637 /* BuddyUITests.xctest */,
			);
			name = Products;
			sourceTree = "<group>";
		};
		C1A556D2301C39300046A637 /* App */ = {
			isa = PBXGroup;
			children = (
				C1A55692301C2A120046A637 /* Buddy */,
				C1A55693301C2A120046A637 /* BuddyApp.swift */,
			);
			path = App;
			sourceTree = "<group>";
		};
		C1A556D3301C39540046A637 /* Models */ = {
			isa = PBXGroup;
			children = (
				C1EEC2E4302116D500417AB5 /* AppNotifications.swift */,
				C1EEC2C730210A3C00417AB5 /* HydrationSettings.swift */,
				C1EEC2C830210A3C00417AB5 /* ReminderSchedule.swift */,
				C1EEC2C930210A3C00417AB5 /* Weekday.swift */,
				C1EEC2CA30210A3C00417AB5 /* WellnessSettings.swift */,
				C1EEC2CB30210A3C00417AB5 /* WorkingHours.swift */,
				C1869D07301C5586006F21AD /* BuddyAnimation.swift */,
				C1A556C9301C318E0046A637 /* Reminder.swift */,
				C1A556C6301C316C0046A637 /* BuddyState.swift */,
			);
			path = Models;
			sourceTree = "<group>";
		};
		C1A556D4301C395E0046A637 /* Managers */ = {
			isa = PBXGroup;
			children = (
				C1EEC31630212D0500417AB5 /* ReminderScheduleCalculator.swift */,
				C1EEC2FE30212AB100417AB5 /* BuddyLogger.swift */,
				C1EEC2E63021170500417AB5 /* HydrationScheduler.swift */,
				C1869D09301C55DE006F21AD /* AnimationEngine.swift */,
				C1A556CF301C34830046A637 /* ReminderManager.swift */,
				C1A556C3301C2EEE0046A637 /* NotificationManager.swift */,
			);
			path = Managers;
			sourceTree = "<group>";
		};
		C1A556D5301C396B0046A637 /* ViewModels */ = {
			isa = PBXGroup;
			children = (
				C1EEC2D830210B9300417AB5 /* SettingsViewModel.swift */,
				C1A556CC301C31AC0046A637 /* BuddyViewModel.swift */,
			);
			path = ViewModels;
			sourceTree = "<group>";
		};
		C1A556D6301C39750046A637 /* Views */ = {
			isa = PBXGroup;
			children = (
				C1EEC2DE30210CB500417AB5 /* WeekdaySelector.swift */,
				C1EEC2DC30210C9A00417AB5 /* WorkingHoursSection.swift */,
				C1EEC2DA30210C5700417AB5 /* HydrationSettingsSection.swift */,
				C1A556C0301C2C1A0046A637 /* SettingsView.swift */,
				C1A55695301C2A120046A637 /* BuddyView.swift */,
			);
			path = Views;
			sourceTree = "<group>";
		};
		C1A556D7301C39810046A637 /* Windows */ = {
			isa = PBXGroup;
			children = (
				C1A556BA301C2B8F0046A637 /* AppDelegate.swift */,
				C1A556BD301C2BC20046A637 /* BuddyPanel.swift */,
			);
			path = Windows;
			sourceTree = "<group>";
		};
		C1A556D8301C39880046A637 /* Resources */ = {
			isa = PBXGroup;
			children = (
			);
			path = Resources;
			sourceTree = "<group>";
		};
		C1A556D9301C399D0046A637 /* Assets.xcassets */ = {
			isa = PBXGroup;
			children = (
			);
			path = Assets.xcassets;
			sourceTree = "<group>";
		};
		C1EEC2D530210AE600417AB5 /* Storage */ = {
			isa = PBXGroup;
			children = (
				C1EEC31C30227B8900417AB5 /* DeveloperSettingsStore.swift */,
				C1EEC2D330210AE600417AB5 /* ReminderStorage.swift */,
				C1EEC2D430210AE600417AB5 /* WellnessSettingsStorage.swift */,
			);
			path = Storage;
			sourceTree = "<group>";
		};
/* End PBXGroup section */

/* Begin PBXNativeTarget section */
		C1A5568F301C2A120046A637 /* Buddy */ = {
			isa = PBXNativeTarget;
			buildConfigurationList = C1A556B1301C2A140046A637 /* Build configuration list for PBXNativeTarget "Buddy" */;
			buildPhases = (
				C1A5568C301C2A120046A637 /* Sources */,
				C1A5568D301C2A120046A637 /* Frameworks */,
				C1A5568E301C2A120046A637 /* Resources */,
			);
			buildRules = (
			);
			dependencies = (
			);
			fileSystemSynchronizedGroups = (
				C1A55692301C2A120046A637 /* Buddy */,
			);
			name = Buddy;
			packageProductDependencies = (
			);
			productName = Buddy;
			productReference = C1A55690301C2A120046A637 /* Buddy.app */;
			productType = "com.apple.product-type.application";
		};
		C1A5569C301C2A140046A637 /* BuddyTests */ = {
			isa = PBXNativeTarget;
			buildConfigurationList = C1A556B4301C2A140046A637 /* Build configuration list for PBXNativeTarget "BuddyTests" */;
			buildPhases = (
				C1A55699301C2A140046A637 /* Sources */,
				C1A5569A301C2A140046A637 /* Frameworks */,
				C1A5569B301C2A140046A637 /* Resources */,
			);
			buildRules = (
			);
			dependencies = (
				C1A5569F301C2A140046A637 /* PBXTargetDependency */,
			);
			fileSystemSynchronizedGroups = (
				C1618144301DACD600889015 /* docs */,
				C1A556A0301C2A140046A637 /* BuddyTests */,
			);
			name = BuddyTests;
			packageProductDependencies = (
			);
			productName = BuddyTests;
			productReference = C1A5569D301C2A140046A637 /* BuddyTests.xctest */;
			productType = "com.apple.product-type.bundle.unit-test";
		};
		C1A556A6301C2A140046A637 /* BuddyUITests */ = {
			isa = PBXNativeTarget;
			buildConfigurationList = C1A556B7301C2A140046A637 /* Build configuration list for PBXNativeTarget "BuddyUITests" */;
			buildPhases = (
				C1A556A3301C2A140046A637 /* Sources */,
				C1A556A4301C2A140046A637 /* Frameworks */,
				C1A556A5301C2A140046A637 /* Resources */,
			);
			buildRules = (
			);
			dependencies = (
				C1A556A9301C2A140046A637 /* PBXTargetDependency */,
			);
			fileSystemSynchronizedGroups = (
				C1A556AA301C2A140046A637 /* BuddyUITests */,
			);
			name = BuddyUITests;
			packageProductDependencies = (
			);
			productName = BuddyUITests;
			productReference = C1A556A7301C2A140046A637 /* BuddyUITests.xctest */;
			productType = "com.apple.product-type.bundle.ui-testing";
		};
/* End PBXNativeTarget section */

/* Begin PBXProject section */
		C1A55688301C2A120046A637 /* Project object */ = {
			isa = PBXProject;
			attributes = {
				BuildIndependentTargetsInParallel = 1;
				LastSwiftUpdateCheck = 2660;
				LastUpgradeCheck = 2660;
				TargetAttributes = {
					C1A5568F301C2A120046A637 = {
						CreatedOnToolsVersion = 26.6;
					};
					C1A5569C301C2A140046A637 = {
						CreatedOnToolsVersion = 26.6;
						TestTargetID = C1A5568F301C2A120046A637;
					};
					C1A556A6301C2A140046A637 = {
						CreatedOnToolsVersion = 26.6;
						TestTargetID = C1A5568F301C2A120046A637;
					};
				};
			};
			buildConfigurationList = C1A5568B301C2A120046A637 /* Build configuration list for PBXProject "Buddy" */;
			developmentRegion = en;
			hasScannedForEncodings = 0;
			knownRegions = (
				en,
				Base,
			);
			mainGroup = C1A55687301C2A120046A637;
			minimizedProjectReferenceProxies = 1;
			preferredProjectObjectVersion = 77;
			productRefGroup = C1A55691301C2A120046A637 /* Products */;
			projectDirPath = "";
			projectRoot = "";
			targets = (
				C1A5568F301C2A120046A637 /* Buddy */,
				C1A5569C301C2A140046A637 /* BuddyTests */,
				C1A556A6301C2A140046A637 /* BuddyUITests */,
			);
		};
/* End PBXProject section */

/* Begin PBXResourcesBuildPhase section */
		C1A5568E301C2A120046A637 /* Resources */ = {
			isa = PBXResourcesBuildPhase;
			buildActionMask = 2147483647;
			files = (
			);
			runOnlyForDeploymentPostprocessing = 0;
		};
		C1A5569B301C2A140046A637 /* Resources */ = {
			isa = PBXResourcesBuildPhase;
			buildActionMask = 2147483647;
			files = (
				C1618150301DAF3D00889015 /* .gitignore in Resources */,
			);
			runOnlyForDeploymentPostprocessing = 0;
		};
		C1A556A5301C2A140046A637 /* Resources */ = {
			isa = PBXResourcesBuildPhase;
			buildActionMask = 2147483647;
			files = (
			);
			runOnlyForDeploymentPostprocessing = 0;
		};
/* End PBXResourcesBuildPhase section */

/* Begin PBXSourcesBuildPhase section */
		C1A5568C301C2A120046A637 /* Sources */ = {
			isa = PBXSourcesBuildPhase;
			buildActionMask = 2147483647;
			files = (
				C1869D08301C558B006F21AD /* BuddyAnimation.swift in Sources */,
				C1A556C5301C2EF00046A637 /* NotificationManager.swift in Sources */,
				C1EEC31D30227B8B00417AB5 /* DeveloperSettingsStore.swift in Sources */,
				C1EEC2FF30212AB300417AB5 /* BuddyLogger.swift in Sources */,
				C1869D0A301C55E2006F21AD /* AnimationEngine.swift in Sources */,
				C1EEC31730212D0700417AB5 /* ReminderScheduleCalculator.swift in Sources */,
				C1EEC2DF30210CB700417AB5 /* WeekdaySelector.swift in Sources */,
				C1EEC2E73021170600417AB5 /* HydrationScheduler.swift in Sources */,
				C1A556D1301C34860046A637 /* ReminderManager.swift in Sources */,
				C1EEC2D630210AE700417AB5 /* ReminderStorage.swift in Sources */,
				C1EEC2D730210AE700417AB5 /* WellnessSettingsStorage.swift in Sources */,
				C1A556C2301C2C1D0046A637 /* SettingsView.swift in Sources */,
				C1A556CE301C31AF0046A637 /* BuddyViewModel.swift in Sources */,
				C1A556BC301C2B920046A637 /* AppDelegate.swift in Sources */,
				C1A55696301C2A120046A637 /* BuddyView.swift in Sources */,
				C1A556C8301C316E0046A637 /* BuddyState.swift in Sources */,
				C1A55694301C2A120046A637 /* BuddyApp.swift in Sources */,
				C1A556BF301C2BC30046A637 /* BuddyPanel.swift in Sources */,
				C1EEC2CC30210A3D00417AB5 /* HydrationSettings.swift in Sources */,
				C1EEC2DB30210C5800417AB5 /* HydrationSettingsSection.swift in Sources */,
				C1EEC2DD30210C9B00417AB5 /* WorkingHoursSection.swift in Sources */,
				C1EEC2CD30210A3D00417AB5 /* ReminderSchedule.swift in Sources */,
				C1EEC2D930210B9700417AB5 /* SettingsViewModel.swift in Sources */,
				C1EEC2CE30210A3D00417AB5 /* Weekday.swift in Sources */,
				C1EEC2CF30210A3D00417AB5 /* WellnessSettings.swift in Sources */,
				C1EEC2D030210A3D00417AB5 /* WorkingHours.swift in Sources */,
				C1EEC2E5302116D600417AB5 /* AppNotifications.swift in Sources */,
				C1A556CB301C31900046A637 /* Reminder.swift in Sources */,
			);
			runOnlyForDeploymentPostprocessing = 0;
		};
		C1A55699301C2A140046A637 /* Sources */ = {
			isa = PBXSourcesBuildPhase;
			buildActionMask = 2147483647;
			files = (
			);
			runOnlyForDeploymentPostprocessing = 0;
		};
		C1A556A3301C2A140046A637 /* Sources */ = {
			isa = PBXSourcesBuildPhase;
			buildActionMask = 2147483647;
			files = (
			);
			runOnlyForDeploymentPostprocessing = 0;
		};
/* End PBXSourcesBuildPhase section */

/* Begin PBXTargetDependency section */
		C1A5569F301C2A140046A637 /* PBXTargetDependency */ = {
			isa = PBXTargetDependency;
			target = C1A5568F301C2A120046A637 /* Buddy */;
			targetProxy = C1A5569E301C2A140046A637 /* PBXContainerItemProxy */;
		};
		C1A556A9301C2A140046A637 /* PBXTargetDependency */ = {
			isa = PBXTargetDependency;
			target = C1A5568F301C2A120046A637 /* Buddy */;
			targetProxy = C1A556A8301C2A140046A637 /* PBXContainerItemProxy */;
		};
/* End PBXTargetDependency section */

/* Begin XCBuildConfiguration section */
		C1A556AF301C2A140046A637 /* Debug */ = {
			isa = XCBuildConfiguration;
			buildSettings = {
				ALWAYS_SEARCH_USER_PATHS = NO;
				ASSETCATALOG_COMPILER_GENERATE_SWIFT_ASSET_SYMBOL_EXTENSIONS = YES;
				CLANG_ANALYZER_NONNULL = YES;
				CLANG_ANALYZER_NUMBER_OBJECT_CONVERSION = YES_AGGRESSIVE;
				CLANG_CXX_LANGUAGE_STANDARD = "gnu++20";
				CLANG_ENABLE_MODULES = YES;
				CLANG_ENABLE_OBJC_ARC = YES;
				CLANG_ENABLE_OBJC_WEAK = YES;
				CLANG_WARN_BLOCK_CAPTURE_AUTORELEASING = YES;
				CLANG_WARN_BOOL_CONVERSION = YES;
				CLANG_WARN_COMMA = YES;
				CLANG_WARN_CONSTANT_CONVERSION = YES;
				CLANG_WARN_DEPRECATED_OBJC_IMPLEMENTATIONS = YES;
				CLANG_WARN_DIRECT_OBJC_ISA_USAGE = YES_ERROR;
				CLANG_WARN_DOCUMENTATION_COMMENTS = YES;
				CLANG_WARN_EMPTY_BODY = YES;
				CLANG_WARN_ENUM_CONVERSION = YES;
				CLANG_WARN_INFINITE_RECURSION = YES;
				CLANG_WARN_INT_CONVERSION = YES;
				CLANG_WARN_NON_LITERAL_NULL_CONVERSION = YES;
				CLANG_WARN_OBJC_IMPLICIT_RETAIN_SELF = YES;
				CLANG_WARN_OBJC_LITERAL_CONVERSION = YES;
				CLANG_WARN_OBJC_ROOT_CLASS = YES_ERROR;
				CLANG_WARN_QUOTED_INCLUDE_IN_FRAMEWORK_HEADER = YES;
				CLANG_WARN_RANGE_LOOP_ANALYSIS = YES;
				CLANG_WARN_STRICT_PROTOTYPES = YES;
				CLANG_WARN_SUSPICIOUS_MOVE = YES;
				CLANG_WARN_UNGUARDED_AVAILABILITY = YES_AGGRESSIVE;
				CLANG_WARN_UNREACHABLE_CODE = YES;
				CLANG_WARN__DUPLICATE_METHOD_MATCH = YES;
				COPY_PHASE_STRIP = NO;
				DEBUG_INFORMATION_FORMAT = dwarf;
				ENABLE_STRICT_OBJC_MSGSEND = YES;
				ENABLE_TESTABILITY = YES;
				ENABLE_USER_SCRIPT_SANDBOXING = YES;
				GCC_C_LANGUAGE_STANDARD = gnu17;
				GCC_DYNAMIC_NO_PIC = NO;
				GCC_NO_COMMON_BLOCKS = YES;
				GCC_OPTIMIZATION_LEVEL = 0;
				GCC_PREPROCESSOR_DEFINITIONS = (
					"DEBUG=1",
					"$(inherited)",
				);
				GCC_WARN_64_TO_32_BIT_CONVERSION = YES;
				GCC_WARN_ABOUT_RETURN_TYPE = YES_ERROR;
				GCC_WARN_UNDECLARED_SELECTOR = YES;
				GCC_WARN_UNINITIALIZED_AUTOS = YES_AGGRESSIVE;
				GCC_WARN_UNUSED_FUNCTION = YES;
				GCC_WARN_UNUSED_VARIABLE = YES;
				LOCALIZATION_PREFERS_STRING_CATALOGS = YES;
				MTL_ENABLE_DEBUG_INFO = INCLUDE_SOURCE;
				MTL_FAST_MATH = YES;
				ONLY_ACTIVE_ARCH = YES;
				SWIFT_ACTIVE_COMPILATION_CONDITIONS = "DEBUG $(inherited)";
				SWIFT_OPTIMIZATION_LEVEL = "-Onone";
			};
			name = Debug;
		};
		C1A556B0301C2A140046A637 /* Release */ = {
			isa = XCBuildConfiguration;
			buildSettings = {
				ALWAYS_SEARCH_USER_PATHS = NO;
				ASSETCATALOG_COMPILER_GENERATE_SWIFT_ASSET_SYMBOL_EXTENSIONS = YES;
				CLANG_ANALYZER_NONNULL = YES;
				CLANG_ANALYZER_NUMBER_OBJECT_CONVERSION = YES_AGGRESSIVE;
				CLANG_CXX_LANGUAGE_STANDARD = "gnu++20";
				CLANG_ENABLE_MODULES = YES;
				CLANG_ENABLE_OBJC_ARC = YES;
				CLANG_ENABLE_OBJC_WEAK = YES;
				CLANG_WARN_BLOCK_CAPTURE_AUTORELEASING = YES;
				CLANG_WARN_BOOL_CONVERSION = YES;
				CLANG_WARN_COMMA = YES;
				CLANG_WARN_CONSTANT_CONVERSION = YES;
				CLANG_WARN_DEPRECATED_OBJC_IMPLEMENTATIONS = YES;
				CLANG_WARN_DIRECT_OBJC_ISA_USAGE = YES_ERROR;
				CLANG_WARN_DOCUMENTATION_COMMENTS = YES;
				CLANG_WARN_EMPTY_BODY = YES;
				CLANG_WARN_ENUM_CONVERSION = YES;
				CLANG_WARN_INFINITE_RECURSION = YES;
				CLANG_WARN_INT_CONVERSION = YES;
				CLANG_WARN_NON_LITERAL_NULL_CONVERSION = YES;
				CLANG_WARN_OBJC_IMPLICIT_RETAIN_SELF = YES;
				CLANG_WARN_OBJC_LITERAL_CONVERSION = YES;
				CLANG_WARN_OBJC_ROOT_CLASS = YES_ERROR;
				CLANG_WARN_QUOTED_INCLUDE_IN_FRAMEWORK_HEADER = YES;
				CLANG_WARN_RANGE_LOOP_ANALYSIS = YES;
				CLANG_WARN_STRICT_PROTOTYPES = YES;
				CLANG_WARN_SUSPICIOUS_MOVE = YES;
				CLANG_WARN_UNGUARDED_AVAILABILITY = YES_AGGRESSIVE;
				CLANG_WARN_UNREACHABLE_CODE = YES;
				CLANG_WARN__DUPLICATE_METHOD_MATCH = YES;
				COPY_PHASE_STRIP = NO;
				DEBUG_INFORMATION_FORMAT = "dwarf-with-dsym";
				ENABLE_NS_ASSERTIONS = NO;
				ENABLE_STRICT_OBJC_MSGSEND = YES;
				ENABLE_USER_SCRIPT_SANDBOXING = YES;
				GCC_C_LANGUAGE_STANDARD = gnu17;
				GCC_NO_COMMON_BLOCKS = YES;
				GCC_WARN_64_TO_32_BIT_CONVERSION = YES;
				GCC_WARN_ABOUT_RETURN_TYPE = YES_ERROR;
				GCC_WARN_UNDECLARED_SELECTOR = YES;
				GCC_WARN_UNINITIALIZED_AUTOS = YES_AGGRESSIVE;
				GCC_WARN_UNUSED_FUNCTION = YES;
				GCC_WARN_UNUSED_VARIABLE = YES;
				LOCALIZATION_PREFERS_STRING_CATALOGS = YES;
				MTL_ENABLE_DEBUG_INFO = NO;
				MTL_FAST_MATH = YES;
				SWIFT_COMPILATION_MODE = wholemodule;
			};
			name = Release;
		};
		C1A556B2301C2A140046A637 /* Debug */ = {
			isa = XCBuildConfiguration;
			buildSettings = {
				ASSETCATALOG_COMPILER_APPICON_NAME = AppIcon;
				ASSETCATALOG_COMPILER_GLOBAL_ACCENT_COLOR_NAME = AccentColor;
				CODE_SIGN_STYLE = Automatic;
				CURRENT_PROJECT_VERSION = 1;
				ENABLE_APP_SANDBOX = YES;
				ENABLE_PREVIEWS = YES;
				ENABLE_USER_SELECTED_FILES = readonly;
				GENERATE_INFOPLIST_FILE = YES;
				"INFOPLIST_KEY_UIApplicationSceneManifest_Generation[sdk=iphoneos*]" = YES;
				"INFOPLIST_KEY_UIApplicationSceneManifest_Generation[sdk=iphonesimulator*]" = YES;
				"INFOPLIST_KEY_UIApplicationSupportsIndirectInputEvents[sdk=iphoneos*]" = YES;
				"INFOPLIST_KEY_UIApplicationSupportsIndirectInputEvents[sdk=iphonesimulator*]" = YES;
				"INFOPLIST_KEY_UILaunchScreen_Generation[sdk=iphoneos*]" = YES;
				"INFOPLIST_KEY_UILaunchScreen_Generation[sdk=iphonesimulator*]" = YES;
				"INFOPLIST_KEY_UIStatusBarStyle[sdk=iphoneos*]" = UIStatusBarStyleDefault;
				"INFOPLIST_KEY_UIStatusBarStyle[sdk=iphonesimulator*]" = UIStatusBarStyleDefault;
				INFOPLIST_KEY_UISupportedInterfaceOrientations_iPad = "UIInterfaceOrientationPortrait UIInterfaceOrientationPortraitUpsideDown UIInterfaceOrientationLandscapeLeft UIInterfaceOrientationLandscapeRight";
				INFOPLIST_KEY_UISupportedInterfaceOrientations_iPhone = "UIInterfaceOrientationPortrait UIInterfaceOrientationLandscapeLeft UIInterfaceOrientationLandscapeRight";
				IPHONEOS_DEPLOYMENT_TARGET = 26.5;
				LD_RUNPATH_SEARCH_PATHS = "@executable_path/Frameworks";
				"LD_RUNPATH_SEARCH_PATHS[sdk=macosx*]" = "@executable_path/../Frameworks";
				MACOSX_DEPLOYMENT_TARGET = 15.0;
				MARKETING_VERSION = 1.0;
				PRODUCT_BUNDLE_IDENTIFIER = com.Buddy;
				PRODUCT_NAME = "$(TARGET_NAME)";
				REGISTER_APP_GROUPS = YES;
				SDKROOT = auto;
				STRING_CATALOG_GENERATE_SYMBOLS = YES;
				SUPPORTED_PLATFORMS = "iphoneos iphonesimulator macosx xros xrsimulator";
				SWIFT_APPROACHABLE_CONCURRENCY = YES;
				SWIFT_DEFAULT_ACTOR_ISOLATION = MainActor;
				SWIFT_EMIT_LOC_STRINGS = YES;
				SWIFT_UPCOMING_FEATURE_MEMBER_IMPORT_VISIBILITY = YES;
				SWIFT_VERSION = 5.0;
				TARGETED_DEVICE_FAMILY = "1,2,7";
				XROS_DEPLOYMENT_TARGET = 26.5;
			};
			name = Debug;
		};
		C1A556B3301C2A140046A637 /* Release */ = {
			isa = XCBuildConfiguration;
			buildSettings = {
				ASSETCATALOG_COMPILER_APPICON_NAME = AppIcon;
				ASSETCATALOG_COMPILER_GLOBAL_ACCENT_COLOR_NAME = AccentColor;
				CODE_SIGN_STYLE = Automatic;
				CURRENT_PROJECT_VERSION = 1;
				ENABLE_APP_SANDBOX = YES;
				ENABLE_PREVIEWS = YES;
				ENABLE_USER_SELECTED_FILES = readonly;
				GENERATE_INFOPLIST_FILE = YES;
				"INFOPLIST_KEY_UIApplicationSceneManifest_Generation[sdk=iphoneos*]" = YES;
				"INFOPLIST_KEY_UIApplicationSceneManifest_Generation[sdk=iphonesimulator*]" = YES;
				"INFOPLIST_KEY_UIApplicationSupportsIndirectInputEvents[sdk=iphoneos*]" = YES;
				"INFOPLIST_KEY_UIApplicationSupportsIndirectInputEvents[sdk=iphonesimulator*]" = YES;
				"INFOPLIST_KEY_UILaunchScreen_Generation[sdk=iphoneos*]" = YES;
				"INFOPLIST_KEY_UILaunchScreen_Generation[sdk=iphonesimulator*]" = YES;
				"INFOPLIST_KEY_UIStatusBarStyle[sdk=iphoneos*]" = UIStatusBarStyleDefault;
				"INFOPLIST_KEY_UIStatusBarStyle[sdk=iphonesimulator*]" = UIStatusBarStyleDefault;
				INFOPLIST_KEY_UISupportedInterfaceOrientations_iPad = "UIInterfaceOrientationPortrait UIInterfaceOrientationPortraitUpsideDown UIInterfaceOrientationLandscapeLeft UIInterfaceOrientationLandscapeRight";
				INFOPLIST_KEY_UISupportedInterfaceOrientations_iPhone = "UIInterfaceOrientationPortrait UIInterfaceOrientationLandscapeLeft UIInterfaceOrientationLandscapeRight";
				IPHONEOS_DEPLOYMENT_TARGET = 26.5;
				LD_RUNPATH_SEARCH_PATHS = "@executable_path/Frameworks";
				"LD_RUNPATH_SEARCH_PATHS[sdk=macosx*]" = "@executable_path/../Frameworks";
				MACOSX_DEPLOYMENT_TARGET = 15.0;
				MARKETING_VERSION = 1.0;
				PRODUCT_BUNDLE_IDENTIFIER = com.Buddy;
				PRODUCT_NAME = "$(TARGET_NAME)";
				REGISTER_APP_GROUPS = YES;
				SDKROOT = auto;
				STRING_CATALOG_GENERATE_SYMBOLS = YES;
				SUPPORTED_PLATFORMS = "iphoneos iphonesimulator macosx xros xrsimulator";
				SWIFT_APPROACHABLE_CONCURRENCY = YES;
				SWIFT_DEFAULT_ACTOR_ISOLATION = MainActor;
				SWIFT_EMIT_LOC_STRINGS = YES;
				SWIFT_UPCOMING_FEATURE_MEMBER_IMPORT_VISIBILITY = YES;
				SWIFT_VERSION = 5.0;
				TARGETED_DEVICE_FAMILY = "1,2,7";
				XROS_DEPLOYMENT_TARGET = 26.5;
			};
			name = Release;
		};
		C1A556B5301C2A140046A637 /* Debug */ = {
			isa = XCBuildConfiguration;
			buildSettings = {
				BUNDLE_LOADER = "$(TEST_HOST)";
				CODE_SIGN_STYLE = Automatic;
				CURRENT_PROJECT_VERSION = 1;
				GENERATE_INFOPLIST_FILE = YES;
				IPHONEOS_DEPLOYMENT_TARGET = 26.5;
				MACOSX_DEPLOYMENT_TARGET = 15.0;
				MARKETING_VERSION = 1.0;
				PRODUCT_BUNDLE_IDENTIFIER = com.BuddyTests;
				PRODUCT_NAME = "$(TARGET_NAME)";
				SDKROOT = auto;
				STRING_CATALOG_GENERATE_SYMBOLS = NO;
				SUPPORTED_PLATFORMS = "iphoneos iphonesimulator macosx xros xrsimulator";
				SWIFT_APPROACHABLE_CONCURRENCY = YES;
				SWIFT_EMIT_LOC_STRINGS = NO;
				SWIFT_UPCOMING_FEATURE_MEMBER_IMPORT_VISIBILITY = YES;
				SWIFT_VERSION = 5.0;
				TARGETED_DEVICE_FAMILY = "1,2,7";
				TEST_HOST = "$(BUILT_PRODUCTS_DIR)/Buddy.app/$(BUNDLE_EXECUTABLE_FOLDER_PATH)/Buddy";
				XROS_DEPLOYMENT_TARGET = 26.5;
			};
			name = Debug;
		};
		C1A556B6301C2A140046A637 /* Release */ = {
			isa = XCBuildConfiguration;
			buildSettings = {
				BUNDLE_LOADER = "$(TEST_HOST)";
				CODE_SIGN_STYLE = Automatic;
				CURRENT_PROJECT_VERSION = 1;
				GENERATE_INFOPLIST_FILE = YES;
				IPHONEOS_DEPLOYMENT_TARGET = 26.5;
				MACOSX_DEPLOYMENT_TARGET = 15.0;
				MARKETING_VERSION = 1.0;
				PRODUCT_BUNDLE_IDENTIFIER = com.BuddyTests;
				PRODUCT_NAME = "$(TARGET_NAME)";
				SDKROOT = auto;
				STRING_CATALOG_GENERATE_SYMBOLS = NO;
				SUPPORTED_PLATFORMS = "iphoneos iphonesimulator macosx xros xrsimulator";
				SWIFT_APPROACHABLE_CONCURRENCY = YES;
				SWIFT_EMIT_LOC_STRINGS = NO;
				SWIFT_UPCOMING_FEATURE_MEMBER_IMPORT_VISIBILITY = YES;
				SWIFT_VERSION = 5.0;
				TARGETED_DEVICE_FAMILY = "1,2,7";
				TEST_HOST = "$(BUILT_PRODUCTS_DIR)/Buddy.app/$(BUNDLE_EXECUTABLE_FOLDER_PATH)/Buddy";
				XROS_DEPLOYMENT_TARGET = 26.5;
			};
			name = Release;
		};
		C1A556B8301C2A140046A637 /* Debug */ = {
			isa = XCBuildConfiguration;
			buildSettings = {
				CODE_SIGN_STYLE = Automatic;
				CURRENT_PROJECT_VERSION = 1;
				GENERATE_INFOPLIST_FILE = YES;
				IPHONEOS_DEPLOYMENT_TARGET = 26.5;
				MACOSX_DEPLOYMENT_TARGET = 15.0;
				MARKETING_VERSION = 1.0;
				PRODUCT_BUNDLE_IDENTIFIER = com.BuddyUITests;
				PRODUCT_NAME = "$(TARGET_NAME)";
				SDKROOT = auto;
				STRING_CATALOG_GENERATE_SYMBOLS = NO;
				SUPPORTED_PLATFORMS = "iphoneos iphonesimulator macosx xros xrsimulator";
				SWIFT_APPROACHABLE_CONCURRENCY = YES;
				SWIFT_EMIT_LOC_STRINGS = NO;
				SWIFT_UPCOMING_FEATURE_MEMBER_IMPORT_VISIBILITY = YES;
				SWIFT_VERSION = 5.0;
				TARGETED_DEVICE_FAMILY = "1,2,7";
				TEST_TARGET_NAME = Buddy;
				XROS_DEPLOYMENT_TARGET = 26.5;
			};
			name = Debug;
		};
		C1A556B9301C2A140046A637 /* Release */ = {
			isa = XCBuildConfiguration;
			buildSettings = {
				CODE_SIGN_STYLE = Automatic;
				CURRENT_PROJECT_VERSION = 1;
				GENERATE_INFOPLIST_FILE = YES;
				IPHONEOS_DEPLOYMENT_TARGET = 26.5;
				MACOSX_DEPLOYMENT_TARGET = 15.0;
				MARKETING_VERSION = 1.0;
				PRODUCT_BUNDLE_IDENTIFIER = com.BuddyUITests;
				PRODUCT_NAME = "$(TARGET_NAME)";
				SDKROOT = auto;
				STRING_CATALOG_GENERATE_SYMBOLS = NO;
				SUPPORTED_PLATFORMS = "iphoneos iphonesimulator macosx xros xrsimulator";
				SWIFT_APPROACHABLE_CONCURRENCY = YES;
				SWIFT_EMIT_LOC_STRINGS = NO;
				SWIFT_UPCOMING_FEATURE_MEMBER_IMPORT_VISIBILITY = YES;
				SWIFT_VERSION = 5.0;
				TARGETED_DEVICE_FAMILY = "1,2,7";
				TEST_TARGET_NAME = Buddy;
				XROS_DEPLOYMENT_TARGET = 26.5;
			};
			name = Release;
		};
/* End XCBuildConfiguration section */

/* Begin XCConfigurationList section */
		C1A5568B301C2A120046A637 /* Build configuration list for PBXProject "Buddy" */ = {
			isa = XCConfigurationList;
			buildConfigurations = (
				C1A556AF301C2A140046A637 /* Debug */,
				C1A556B0301C2A140046A637 /* Release */,
			);
			defaultConfigurationIsVisible = 0;
			defaultConfigurationName = Release;
		};
		C1A556B1301C2A140046A637 /* Build configuration list for PBXNativeTarget "Buddy" */ = {
			isa = XCConfigurationList;
			buildConfigurations = (
				C1A556B2301C2A140046A637 /* Debug */,
				C1A556B3301C2A140046A637 /* Release */,
			);
			defaultConfigurationIsVisible = 0;
			defaultConfigurationName = Release;
		};
		C1A556B4301C2A140046A637 /* Build configuration list for PBXNativeTarget "BuddyTests" */ = {
			isa = XCConfigurationList;
			buildConfigurations = (
				C1A556B5301C2A140046A637 /* Debug */,
				C1A556B6301C2A140046A637 /* Release */,
			);
			defaultConfigurationIsVisible = 0;
			defaultConfigurationName = Release;
		};
		C1A556B7301C2A140046A637 /* Build configuration list for PBXNativeTarget "BuddyUITests" */ = {
			isa = XCConfigurationList;
			buildConfigurations = (
				C1A556B8301C2A140046A637 /* Debug */,
				C1A556B9301C2A140046A637 /* Release */,
			);
			defaultConfigurationIsVisible = 0;
			defaultConfigurationName = Release;
		};
/* End XCConfigurationList section */
	};
	rootObject = C1A55688301C2A120046A637 /* Project object */;
}
